
Microsoft Visual Studio Solution File, Format Version 12.00
# Visual Studio 15
VisualStudioVersion = 15.0.27428.2015
MinimumVisualStudioVersion = 10.0.40219.1
Project("{FAE04EC0-301F-11D3-BF4B-00C04F79EFBC}") = "Web", "Client\Web.csproj", "{43948977-083E-4939-AB77-8D7E5F53CF16}"
EndProject
Project("{9A19103F-16F7-4668-BE54-9A1E7A4F7556}") = "Entities", "Entities\Entities.csproj", "{6610B509-CC78-4CA1-8F13-84930E64874A}"
EndProject
Project("{9A19103F-16F7-4668-BE54-9A1E7A4F7556}") = "Business", "Business\Business.csproj", "{0A97637D-E467-4E18-B783-D4185E08AF50}"
EndProject
Project("{9A19103F-16F7-4668-BE54-9A1E7A4F7556}") = "Repository", "Repository\Repository.csproj", "{402BB277-DB2F-4CD7-AFB6-FF8582446BA9}"
EndProject
Global
	GlobalSection(SolutionConfigurationPlatforms) = preSolution
		Debug|Any CPU = Debug|Any CPU
		Release|Any CPU = Release|Any CPU
	EndGlobalSection
	GlobalSection(ProjectConfigurationPlatforms) = postSolution
		{43948977-083E-4939-AB77-8D7E5F53CF16}.Debug|Any CPU.ActiveCfg = Debug|Any CPU
		{43948977-083E-4939-AB77-8D7E5F53CF16}.Debug|Any CPU.Build.0 = Debug|Any CPU
		{43948977-083E-4939-AB77-8D7E5F53CF16}.Release|Any CPU.ActiveCfg = Release|Any CPU
		{43948977-083E-4939-AB77-8D7E5F53CF16}.Release|Any CPU.Build.0 = Release|Any CPU
		{6610B509-CC78-4CA1-8F13-84930E64874A}.Debug|Any CPU.ActiveCfg = Debug|Any CPU
		{6610B509-CC78-4CA1-8F13-84930E64874A}.Debug|Any CPU.Build.0 = Debug|Any CPU
		{6610B509-CC78-4CA1-8F13-84930E64874A}.Release|Any CPU.ActiveCfg = Release|Any CPU
		{6610B509-CC78-4CA1-8F13-84930E64874A}.Release|Any CPU.Build.0 = Release|Any CPU
		{0A97637D-E467-4E18-B783-D4185E08AF50}.Debug|Any CPU.ActiveCfg = Debug|Any CPU
		{0A97637D-E467-4E18-B783-D4185E08AF50}.Debug|Any CPU.Build.0 = Debug|Any CPU
		{0A97637D-E467-4E18-B783-D4185E08AF50}.Release|Any CPU.ActiveCfg = Release|Any CPU
		{0A97637D-E467-4E18-B783-D4185E08AF50}.Release|Any CPU.Build.0 = Release|Any CPU
		{402BB277-DB2F-4CD7-AFB6-FF8582446BA9}.Debug|Any CPU.ActiveCfg = Debug|Any CPU
		{402BB277-DB2F-4CD7-AFB6-FF8582446BA9}.Debug|Any CPU.Build.0 = Debug|Any CPU
		{402BB277-DB2F-4CD7-AFB6-FF8582446BA9}.Release|Any CPU.ActiveCfg = Release|Any CPU
		{402BB277-DB2F-4CD7-AFB6-FF8582446BA9}.Release|Any CPU.Build.0 = Release|Any CPU
	EndGlobalSection
	GlobalSection(SolutionProperties) = preSolution
		HideSolutionNode = FALSE
	EndGlobalSection
	GlobalSection(ExtensibilityGlobals) = postSolution
		SolutionGuid = {2441987F-511F-4279-B899-B10F20DB5D8D}
	EndGlobalSection
EndGlobal
